// !$*UTF8*$!
{
	archiveVersion = 1;
	classes = {
	};
	objectVersion = 50;
	objects = {

/* Begin PBXBuildFile section */
		AC0D4E6D28A560C700FE145B /* ProjectInfoView.swift in Sources */ = {isa = PBXBuildFile; fileRef = AC0D4E6C28A560C700FE145B /* ProjectInfoView.swift */; };
		AC139DFB28C7A34E002F456E /* FoundationExtensions.swift in Sources */ = {isa = PBXBuildFile; fileRef = AC139DFA28C7A34E002F456E /* FoundationExtensions.swift */; };
		AC3C8BA329D4C76C0014C545 /* ExternalAccountProviderView.swift in Sources */ = {isa = PBXBuildFile; fileRef = AC3C8BA229D4C76C0014C545 /* ExternalAccountProviderView.swift */; };
		AC3C8BA529D4C8380014C545 /* ExternalAccountProvidersSource.swift in Sources */ = {isa = PBXBuildFile; fileRef = AC3C8BA429D4C8380014C545 /* ExternalAccountProvidersSource.swift */; };
		AC44F53E261375EE0065075C /* MyDataHelpsKit.framework in Frameworks */ = {isa = PBXBuildFile; fileRef = AC44F53D261375EE0065075C /* MyDataHelpsKit.framework */; };
		AC44F561261610A10065075C /* PersistDeviceDataView.swift in Sources */ = {isa = PBXBuildFile; fileRef = AC44F560261610A10065075C /* PersistDeviceDataView.swift */; };
		AC9DC9E2260E374E00C5D9E4 /* MyDataHelpsKit_ExampleApp.swift in Sources */ = {isa = PBXBuildFile; fileRef = AC9DC9E1260E374E00C5D9E4 /* MyDataHelpsKit_ExampleApp.swift */; };
		AC9DC9E4260E374E00C5D9E4 /* ContentView.swift in Sources */ = {isa = PBXBuildFile; fileRef = AC9DC9E3260E374E00C5D9E4 /* ContentView.swift */; };
		AC9DC9E6260E374F00C5D9E4 /* Assets.xcassets in Resources */ = {isa = PBXBuildFile; fileRef = AC9DC9E5260E374F00C5D9E4 /* Assets.xcassets */; };
		AC9DC9E9260E374F00C5D9E4 /* Preview Assets.xcassets in Resources */ = {isa = PBXBuildFile; fileRef = AC9DC9E8260E374F00C5D9E4 /* Preview Assets.xcassets */; };
		AC9DC9F7260E37C700C5D9E4 /* TokenView.swift in Sources */ = {isa = PBXBuildFile; fileRef = AC9DC9F6260E37C700C5D9E4 /* TokenView.swift */; };
		AC9DC9FB260E39AF00C5D9E4 /* SessionModel.swift in Sources */ = {isa = PBXBuildFile; fileRef = AC9DC9FA260E39AF00C5D9E4 /* SessionModel.swift */; };
		AC9DCA07260E3BAC00C5D9E4 /* ParticipantInfoView.swift in Sources */ = {isa = PBXBuildFile; fileRef = AC9DCA06260E3BAC00C5D9E4 /* ParticipantInfoView.swift */; };
		AC9DCA14260E3E5700C5D9E4 /* ErrorView.swift in Sources */ = {isa = PBXBuildFile; fileRef = AC9DCA13260E3E5700C5D9E4 /* ErrorView.swift */; };
		ACA1A86C26D5454400CBD7EA /* ProvidersListView.swift in Sources */ = {isa = PBXBuildFile; fileRef = ACA1A86B26D5454400CBD7EA /* ProvidersListView.swift */; };
		ACCD97E6260E492100FF7438 /* PagedView.swift in Sources */ = {isa = PBXBuildFile; fileRef = ACCD97E5260E492100FF7438 /* PagedView.swift */; };
		ACCD97EA260E4DFE00FF7438 /* DeviceDataSource.swift in Sources */ = {isa = PBXBuildFile; fileRef = ACCD97E9260E4DFE00FF7438 /* DeviceDataSource.swift */; };
		ACCD97ED260E58AF00FF7438 /* DeviceDataPointView.swift in Sources */ = {isa = PBXBuildFile; fileRef = ACCD97EC260E58AF00FF7438 /* DeviceDataPointView.swift */; };
		ACCD97F0260E5A8600FF7438 /* PagedViewModel.swift in Sources */ = {isa = PBXBuildFile; fileRef = ACCD97EF260E5A8600FF7438 /* PagedViewModel.swift */; };
		ACCD97F3260E5AE300FF7438 /* SurveyTaskView.swift in Sources */ = {isa = PBXBuildFile; fileRef = ACCD97F2260E5AE300FF7438 /* SurveyTaskView.swift */; };
		ACCD97F6260E5D0100FF7438 /* SurveyTaskSource.swift in Sources */ = {isa = PBXBuildFile; fileRef = ACCD97F5260E5D0100FF7438 /* SurveyTaskSource.swift */; };
		ACCD97F9260E5F3000FF7438 /* SurveyAnswerView.swift in Sources */ = {isa = PBXBuildFile; fileRef = ACCD97F8260E5F3000FF7438 /* SurveyAnswerView.swift */; };
		ACCD97FE260E667E00FF7438 /* SurveyAnswersSource.swift in Sources */ = {isa = PBXBuildFile; fileRef = ACCD97FD260E667E00FF7438 /* SurveyAnswersSource.swift */; };
		ACCD9801260E6E3000FF7438 /* NotificationHistoryView.swift in Sources */ = {isa = PBXBuildFile; fileRef = ACCD9800260E6E3000FF7438 /* NotificationHistoryView.swift */; };
		ACCD9804260E6F7A00FF7438 /* NotificationHistorySource.swift in Sources */ = {isa = PBXBuildFile; fileRef = ACCD9803260E6F7A00FF7438 /* NotificationHistorySource.swift */; };
		ACD1686129BBE83D002709EE /* PresentedSurveyView.swift in Sources */ = {isa = PBXBuildFile; fileRef = ACD1686029BBE83D002709EE /* PresentedSurveyView.swift */; };
		ACD1686429BF74D4002709EE /* SurveyLauncherView.swift in Sources */ = {isa = PBXBuildFile; fileRef = ACD1686329BF74D4002709EE /* SurveyLauncherView.swift */; };
		ACD1686629C365FC002709EE /* SwiftUIExtensions.swift in Sources */ = {isa = PBXBuildFile; fileRef = ACD1686529C365FC002709EE /* SwiftUIExtensions.swift */; };
		ACD1686929C3B510002709EE /* TasksView.swift in Sources */ = {isa = PBXBuildFile; fileRef = ACD1686829C3B510002709EE /* TasksView.swift */; };
		ACD1687929CCE76C002709EE /* TasksViewModel.swift in Sources */ = {isa = PBXBuildFile; fileRef = ACD1687829CCE76C002709EE /* TasksViewModel.swift */; };
		ACD1687C29D3491A002709EE /* AccountView.swift in Sources */ = {isa = PBXBuildFile; fileRef = ACD1687B29D3491A002709EE /* AccountView.swift */; };
		ACD1687E29D34BB6002709EE /* AccountViewModel.swift in Sources */ = {isa = PBXBuildFile; fileRef = ACD1687D29D34BB6002709EE /* AccountViewModel.swift */; };
		ACD1688029D351E1002709EE /* AsyncCardView.swift in Sources */ = {isa = PBXBuildFile; fileRef = ACD1687F29D351E1002709EE /* AsyncCardView.swift */; };
		ACD1688329D3685B002709EE /* ActivityView.swift in Sources */ = {isa = PBXBuildFile; fileRef = ACD1688229D3685B002709EE /* ActivityView.swift */; };
		ACD1688529D36A0D002709EE /* ActivityViewModel.swift in Sources */ = {isa = PBXBuildFile; fileRef = ACD1688429D36A0D002709EE /* ActivityViewModel.swift */; };
		ACD1688929D38070002709EE /* DataView.swift in Sources */ = {isa = PBXBuildFile; fileRef = ACD1688829D38070002709EE /* DataView.swift */; };
		ACD1688B29D3807F002709EE /* DataViewModel.swift in Sources */ = {isa = PBXBuildFile; fileRef = ACD1688A29D3807F002709EE /* DataViewModel.swift */; };
		ACD1688D29D3BB86002709EE /* ProjectDeviceDataSectionView.swift in Sources */ = {isa = PBXBuildFile; fileRef = ACD1688C29D3BB86002709EE /* ProjectDeviceDataSectionView.swift */; };
		ACD1688F29D3BC83002709EE /* SensorDataSectionView.swift in Sources */ = {isa = PBXBuildFile; fileRef = ACD1688E29D3BC83002709EE /* SensorDataSectionView.swift */; };
		ACD1689129D3C646002709EE /* DeviceDataChartView.swift in Sources */ = {isa = PBXBuildFile; fileRef = ACD1689029D3C646002709EE /* DeviceDataChartView.swift */; };
		ACEAF44826D595B0002F79AB /* Settings.bundle in Resources */ = {isa = PBXBuildFile; fileRef = ACEAF44726D595B0002F79AB /* Settings.bundle */; };
		ACEAF44A26D67C95002F79AB /* ExternalAccountsListView.swift in Sources */ = {isa = PBXBuildFile; fileRef = ACEAF44926D67C95002F79AB /* ExternalAccountsListView.swift */; };
		ACEAF45126D81BDD002F79AB /* ProviderConnectionAuthViewRepresentable.swift in Sources */ = {isa = PBXBuildFile; fileRef = ACEAF45026D81BDD002F79AB /* ProviderConnectionAuthViewRepresentable.swift */; };
		ACEAF45726D91B9B002F79AB /* ParticipantSessionType.swift in Sources */ = {isa = PBXBuildFile; fileRef = ACEAF45626D91B9B002F79AB /* ParticipantSessionType.swift */; };
/* End PBXBuildFile section */

/* Begin PBXFileReference section */
		AC0D4E6C28A560C700FE145B /* ProjectInfoView.swift */ = {isa = PBXFileReference; lastKnownFileType = sourcecode.swift; path = ProjectInfoView.swift; sourceTree = "<group>"; };
		AC139DFA28C7A34E002F456E /* FoundationExtensions.swift */ = {isa = PBXFileReference; lastKnownFileType = sourcecode.swift; path = FoundationExtensions.swift; sourceTree = "<group>"; };
		AC3C8BA229D4C76C0014C545 /* ExternalAccountProviderView.swift */ = {isa = PBXFileReference; lastKnownFileType = sourcecode.swift; path = ExternalAccountProviderView.swift; sourceTree = "<group>"; };
		AC3C8BA429D4C8380014C545 /* ExternalAccountProvidersSource.swift */ = {isa = PBXFileReference; lastKnownFileType = sourcecode.swift; path = ExternalAccountProvidersSource.swift; sourceTree = "<group>"; };
		AC44F53D261375EE0065075C /* MyDataHelpsKit.framework */ = {isa = PBXFileReference; explicitFileType = wrapper.framework; path = MyDataHelpsKit.framework; sourceTree = BUILT_PRODUCTS_DIR; };
		AC44F54126137CBE0065075C /* README.md */ = {isa = PBXFileReference; lastKnownFileType = net.daringfireball.markdown; path = README.md; sourceTree = "<group>"; };
		AC44F560261610A10065075C /* PersistDeviceDataView.swift */ = {isa = PBXFileReference; lastKnownFileType = sourcecode.swift; path = PersistDeviceDataView.swift; sourceTree = "<group>"; };
		AC9DC9DE260E374E00C5D9E4 /* MyDataHelpsKit-Example.app */ = {isa = PBXFileReference; explicitFileType = wrapper.application; includeInIndex = 0; path = "MyDataHelpsKit-Example.app"; sourceTree = BUILT_PRODUCTS_DIR; };
		AC9DC9E1260E374E00C5D9E4 /* MyDataHelpsKit_ExampleApp.swift */ = {isa = PBXFileReference; lastKnownFileType = sourcecode.swift; path = MyDataHelpsKit_ExampleApp.swift; sourceTree = "<group>"; };
		AC9DC9E3260E374E00C5D9E4 /* ContentView.swift */ = {isa = PBXFileReference; lastKnownFileType = sourcecode.swift; path = ContentView.swift; sourceTree = "<group>"; };
		AC9DC9E5260E374F00C5D9E4 /* Assets.xcassets */ = {isa = PBXFileReference; lastKnownFileType = folder.assetcatalog; path = Assets.xcassets; sourceTree = "<group>"; };
		AC9DC9E8260E374F00C5D9E4 /* Preview Assets.xcassets */ = {isa = PBXFileReference; lastKnownFileType = folder.assetcatalog; path = "Preview Assets.xcassets"; sourceTree = "<group>"; };
		AC9DC9EA260E374F00C5D9E4 /* Info.plist */ = {isa = PBXFileReference; lastKnownFileType = text.plist.xml; path = Info.plist; sourceTree = "<group>"; };
		AC9DC9F6260E37C700C5D9E4 /* TokenView.swift */ = {isa = PBXFileReference; lastKnownFileType = sourcecode.swift; path = TokenView.swift; sourceTree = "<group>"; };
		AC9DC9FA260E39AF00C5D9E4 /* SessionModel.swift */ = {isa = PBXFileReference; lastKnownFileType = sourcecode.swift; path = SessionModel.swift; sourceTree = "<group>"; };
		AC9DCA06260E3BAC00C5D9E4 /* ParticipantInfoView.swift */ = {isa = PBXFileReference; lastKnownFileType = sourcecode.swift; path = ParticipantInfoView.swift; sourceTree = "<group>"; };
		AC9DCA13260E3E5700C5D9E4 /* ErrorView.swift */ = {isa = PBXFileReference; lastKnownFileType = sourcecode.swift; path = ErrorView.swift; sourceTree = "<group>"; };
		ACA1A86B26D5454400CBD7EA /* ProvidersListView.swift */ = {isa = PBXFileReference; lastKnownFileType = sourcecode.swift; path = ProvidersListView.swift; sourceTree = "<group>"; };
		ACCD97E5260E492100FF7438 /* PagedView.swift */ = {isa = PBXFileReference; lastKnownFileType = sourcecode.swift; path = PagedView.swift; sourceTree = "<group>"; };
		ACCD97E9260E4DFE00FF7438 /* DeviceDataSource.swift */ = {isa = PBXFileReference; lastKnownFileType = sourcecode.swift; path = DeviceDataSource.swift; sourceTree = "<group>"; };
		ACCD97EC260E58AF00FF7438 /* DeviceDataPointView.swift */ = {isa = PBXFileReference; lastKnownFileType = sourcecode.swift; path = DeviceDataPointView.swift; sourceTree = "<group>"; };
		ACCD97EF260E5A8600FF7438 /* PagedViewModel.swift */ = {isa = PBXFileReference; lastKnownFileType = sourcecode.swift; path = PagedViewModel.swift; sourceTree = "<group>"; };
		ACCD97F2260E5AE300FF7438 /* SurveyTaskView.swift */ = {isa = PBXFileReference; lastKnownFileType = sourcecode.swift; path = SurveyTaskView.swift; sourceTree = "<group>"; };
		ACCD97F5260E5D0100FF7438 /* SurveyTaskSource.swift */ = {isa = PBXFileReference; lastKnownFileType = sourcecode.swift; path = SurveyTaskSource.swift; sourceTree = "<group>"; };
		ACCD97F8260E5F3000FF7438 /* SurveyAnswerView.swift */ = {isa = PBXFileReference; lastKnownFileType = sourcecode.swift; path = SurveyAnswerView.swift; sourceTree = "<group>"; };
		ACCD97FD260E667E00FF7438 /* SurveyAnswersSource.swift */ = {isa = PBXFileReference; lastKnownFileType = sourcecode.swift; path = SurveyAnswersSource.swift; sourceTree = "<group>"; };
		ACCD9800260E6E3000FF7438 /* NotificationHistoryView.swift */ = {isa = PBXFileReference; lastKnownFileType = sourcecode.swift; path = NotificationHistoryView.swift; sourceTree = "<group>"; };
		ACCD9803260E6F7A00FF7438 /* NotificationHistorySource.swift */ = {isa = PBXFileReference; lastKnownFileType = sourcecode.swift; path = NotificationHistorySource.swift; sourceTree = "<group>"; };
		ACD1686029BBE83D002709EE /* PresentedSurveyView.swift */ = {isa = PBXFileReference; lastKnownFileType = sourcecode.swift; path = PresentedSurveyView.swift; sourceTree = "<group>"; };
		ACD1686329BF74D4002709EE /* SurveyLauncherView.swift */ = {isa = PBXFileReference; lastKnownFileType = sourcecode.swift; path = SurveyLauncherView.swift; sourceTree = "<group>"; };
		ACD1686529C365FC002709EE /* SwiftUIExtensions.swift */ = {isa = PBXFileReference; lastKnownFileType = sourcecode.swift; path = SwiftUIExtensions.swift; sourceTree = "<group>"; };
		ACD1686829C3B510002709EE /* TasksView.swift */ = {isa = PBXFileReference; lastKnownFileType = sourcecode.swift; path = TasksView.swift; sourceTree = "<group>"; };
		ACD1687829CCE76C002709EE /* TasksViewModel.swift */ = {isa = PBXFileReference; lastKnownFileType = sourcecode.swift; path = TasksViewModel.swift; sourceTree = "<group>"; };
		ACD1687B29D3491A002709EE /* AccountView.swift */ = {isa = PBXFileReference; lastKnownFileType = sourcecode.swift; path = AccountView.swift; sourceTree = "<group>"; };
		ACD1687D29D34BB6002709EE /* AccountViewModel.swift */ = {isa = PBXFileReference; lastKnownFileType = sourcecode.swift; path = AccountViewModel.swift; sourceTree = "<group>"; };
		ACD1687F29D351E1002709EE /* AsyncCardView.swift */ = {isa = PBXFileReference; lastKnownFileType = sourcecode.swift; path = AsyncCardView.swift; sourceTree = "<group>"; };
		ACD1688229D3685B002709EE /* ActivityView.swift */ = {isa = PBXFileReference; lastKnownFileType = sourcecode.swift; path = ActivityView.swift; sourceTree = "<group>"; };
		ACD1688429D36A0D002709EE /* ActivityViewModel.swift */ = {isa = PBXFileReference; lastKnownFileType = sourcecode.swift; path = ActivityViewModel.swift; sourceTree = "<group>"; };
		ACD1688829D38070002709EE /* DataView.swift */ = {isa = PBXFileReference; lastKnownFileType = sourcecode.swift; path = DataView.swift; sourceTree = "<group>"; };
		ACD1688A29D3807F002709EE /* DataViewModel.swift */ = {isa = PBXFileReference; lastKnownFileType = sourcecode.swift; path = DataViewModel.swift; sourceTree = "<group>"; };
		ACD1688C29D3BB86002709EE /* ProjectDeviceDataSectionView.swift */ = {isa = PBXFileReference; lastKnownFileType = sourcecode.swift; path = ProjectDeviceDataSectionView.swift; sourceTree = "<group>"; };
		ACD1688E29D3BC83002709EE /* SensorDataSectionView.swift */ = {isa = PBXFileReference; lastKnownFileType = sourcecode.swift; path = SensorDataSectionView.swift; sourceTree = "<group>"; };
		ACD1689029D3C646002709EE /* DeviceDataChartView.swift */ = {isa = PBXFileReference; lastKnownFileType = sourcecode.swift; path = DeviceDataChartView.swift; sourceTree = "<group>"; };
		ACEAF44726D595B0002F79AB /* Settings.bundle */ = {isa = PBXFileReference; lastKnownFileType = "wrapper.plug-in"; path = Settings.bundle; sourceTree = "<group>"; };
		ACEAF44926D67C95002F79AB /* ExternalAccountsListView.swift */ = {isa = PBXFileReference; lastKnownFileType = sourcecode.swift; path = ExternalAccountsListView.swift; sourceTree = "<group>"; };
		ACEAF45026D81BDD002F79AB /* ProviderConnectionAuthViewRepresentable.swift */ = {isa = PBXFileReference; lastKnownFileType = sourcecode.swift; path = ProviderConnectionAuthViewRepresentable.swift; sourceTree = "<group>"; };
		ACEAF45626D91B9B002F79AB /* ParticipantSessionType.swift */ = {isa = PBXFileReference; lastKnownFileType = sourcecode.swift; path = ParticipantSessionType.swift; sourceTree = "<group>"; };
/* End PBXFileReference section */

/* Begin PBXFrameworksBuildPhase section */
		AC9DC9DB260E374E00C5D9E4 /* Frameworks */ = {
			isa = PBXFrameworksBuildPhase;
			buildActionMask = 2147483647;
			files = (
				AC44F53E261375EE0065075C /* MyDataHelpsKit.framework in Frameworks */,
			);
			runOnlyForDeploymentPostprocessing = 0;
		};
/* End PBXFrameworksBuildPhase section */

/* Begin PBXGroup section */
		AC44F53C261375EE0065075C /* Frameworks */ = {
			isa = PBXGroup;
			children = (
				AC44F53D261375EE0065075C /* MyDataHelpsKit.framework */,
			);
			name = Frameworks;
			sourceTree = "<group>";
		};
		AC9DC9D5260E374E00C5D9E4 = {
			isa = PBXGroup;
			children = (
				AC44F54126137CBE0065075C /* README.md */,
				ACEAF44726D595B0002F79AB /* Settings.bundle */,
				AC44F53C261375EE0065075C /* Frameworks */,
				AC9DC9E0260E374E00C5D9E4 /* MyDataHelpsKit-Example */,
				AC9DC9DF260E374E00C5D9E4 /* Products */,
			);
			sourceTree = "<group>";
		};
		AC9DC9DF260E374E00C5D9E4 /* Products */ = {
			isa = PBXGroup;
			children = (
				AC9DC9DE260E374E00C5D9E4 /* MyDataHelpsKit-Example.app */,
			);
			name = Products;
			sourceTree = "<group>";
		};
		AC9DC9E0260E374E00C5D9E4 /* MyDataHelpsKit-Example */ = {
			isa = PBXGroup;
			children = (
				ACD1687A29D3490C002709EE /* Account */,
				ACD1688129D3684D002709EE /* Activity */,
				AC9DC9E5260E374F00C5D9E4 /* Assets.xcassets */,
				ACD1687F29D351E1002709EE /* AsyncCardView.swift */,
				AC9DC9E3260E374E00C5D9E4 /* ContentView.swift */,
				ACD1688629D38061002709EE /* Data */,
				AC9DCA13260E3E5700C5D9E4 /* ErrorView.swift */,
				AC139DFA28C7A34E002F456E /* FoundationExtensions.swift */,
				AC9DC9EA260E374F00C5D9E4 /* Info.plist */,
				AC9DC9E1260E374E00C5D9E4 /* MyDataHelpsKit_ExampleApp.swift */,
				ACCD97E4260E490E00FF7438 /* PagedView */,
				AC9DC9E7260E374F00C5D9E4 /* Preview Content */,
				AC0D4E6C28A560C700FE145B /* ProjectInfoView.swift */,
				ACA1A86A26D5452900CBD7EA /* ProviderConnections */,
				AC9DC9F5260E37B500C5D9E4 /* Session */,
				ACD1685F29BBE81D002709EE /* SurveyPresentation */,
				ACD1686529C365FC002709EE /* SwiftUIExtensions.swift */,
				ACD1686729C3B502002709EE /* Tasks */,
			);
			path = "MyDataHelpsKit-Example";
			sourceTree = "<group>";
		};
		AC9DC9E7260E374F00C5D9E4 /* Preview Content */ = {
			isa = PBXGroup;
			children = (
				AC9DC9E8260E374F00C5D9E4 /* Preview Assets.xcassets */,
			);
			path = "Preview Content";
			sourceTree = "<group>";
		};
		AC9DC9F5260E37B500C5D9E4 /* Session */ = {
			isa = PBXGroup;
			children = (
				AC9DCA06260E3BAC00C5D9E4 /* ParticipantInfoView.swift */,
				ACEAF45626D91B9B002F79AB /* ParticipantSessionType.swift */,
				AC9DC9FA260E39AF00C5D9E4 /* SessionModel.swift */,
				AC9DC9F6260E37C700C5D9E4 /* TokenView.swift */,
			);
			path = Session;
			sourceTree = "<group>";
		};
		ACA1A86A26D5452900CBD7EA /* ProviderConnections */ = {
			isa = PBXGroup;
			children = (
				AC3C8BA429D4C8380014C545 /* ExternalAccountProvidersSource.swift */,
				AC3C8BA229D4C76C0014C545 /* ExternalAccountProviderView.swift */,
				ACEAF44926D67C95002F79AB /* ExternalAccountsListView.swift */,
				ACEAF45026D81BDD002F79AB /* ProviderConnectionAuthViewRepresentable.swift */,
				ACA1A86B26D5454400CBD7EA /* ProvidersListView.swift */,
			);
			path = ProviderConnections;
			sourceTree = "<group>";
		};
		ACCD97E4260E490E00FF7438 /* PagedView */ = {
			isa = PBXGroup;
			children = (
				ACCD97EC260E58AF00FF7438 /* DeviceDataPointView.swift */,
				ACCD97E9260E4DFE00FF7438 /* DeviceDataSource.swift */,
				ACCD9803260E6F7A00FF7438 /* NotificationHistorySource.swift */,
				ACCD9800260E6E3000FF7438 /* NotificationHistoryView.swift */,
				ACCD97E5260E492100FF7438 /* PagedView.swift */,
				ACCD97EF260E5A8600FF7438 /* PagedViewModel.swift */,
				ACCD97FD260E667E00FF7438 /* SurveyAnswersSource.swift */,
				ACCD97F8260E5F3000FF7438 /* SurveyAnswerView.swift */,
				ACCD97F5260E5D0100FF7438 /* SurveyTaskSource.swift */,
				ACCD97F2260E5AE300FF7438 /* SurveyTaskView.swift */,
			);
			path = PagedView;
			sourceTree = "<group>";
		};
		ACD1685F29BBE81D002709EE /* SurveyPresentation */ = {
			isa = PBXGroup;
			children = (
				ACD1686029BBE83D002709EE /* PresentedSurveyView.swift */,
				ACD1686329BF74D4002709EE /* SurveyLauncherView.swift */,
			);
			path = SurveyPresentation;
			sourceTree = "<group>";
		};
		ACD1686729C3B502002709EE /* Tasks */ = {
			isa = PBXGroup;
			children = (
				ACD1686829C3B510002709EE /* TasksView.swift */,
				ACD1687829CCE76C002709EE /* TasksViewModel.swift */,
			);
			path = Tasks;
			sourceTree = "<group>";
		};
		ACD1687A29D3490C002709EE /* Account */ = {
			isa = PBXGroup;
			children = (
				ACD1687B29D3491A002709EE /* AccountView.swift */,
				ACD1687D29D34BB6002709EE /* AccountViewModel.swift */,
			);
			path = Account;
			sourceTree = "<group>";
		};
		ACD1688129D3684D002709EE /* Activity */ = {
			isa = PBXGroup;
			children = (
				ACD1688229D3685B002709EE /* ActivityView.swift */,
				ACD1688429D36A0D002709EE /* ActivityViewModel.swift */,
			);
			path = Activity;
			sourceTree = "<group>";
		};
		ACD1688629D38061002709EE /* Data */ = {
			isa = PBXGroup;
			children = (
				ACD1688829D38070002709EE /* DataView.swift */,
				ACD1688A29D3807F002709EE /* DataViewModel.swift */,
				ACD1689029D3C646002709EE /* DeviceDataChartView.swift */,
				AC44F560261610A10065075C /* PersistDeviceDataView.swift */,
				ACD1688C29D3BB86002709EE /* ProjectDeviceDataSectionView.swift */,
				ACD1688E29D3BC83002709EE /* SensorDataSectionView.swift */,
			);
			path = Data;
			sourceTree = "<group>";
		};
/* End PBXGroup section */

/* Begin PBXNativeTarget section */
		AC9DC9DD260E374E00C5D9E4 /* MyDataHelpsKit-Example */ = {
			isa = PBXNativeTarget;
			buildConfigurationList = AC9DC9ED260E374F00C5D9E4 /* Build configuration list for PBXNativeTarget "MyDataHelpsKit-Example" */;
			buildPhases = (
				AC9DC9DA260E374E00C5D9E4 /* Sources */,
				AC9DC9DB260E374E00C5D9E4 /* Frameworks */,
				AC9DC9DC260E374E00C5D9E4 /* Resources */,
			);
			buildRules = (
			);
			dependencies = (
			);
			name = "MyDataHelpsKit-Example";
			packageProductDependencies = (
			);
			productName = "MDHKit-Example";
			productReference = AC9DC9DE260E374E00C5D9E4 /* MyDataHelpsKit-Example.app */;
			productType = "com.apple.product-type.application";
		};
/* End PBXNativeTarget section */

/* Begin PBXProject section */
		AC9DC9D6260E374E00C5D9E4 /* Project object */ = {
			isa = PBXProject;
			attributes = {
				LastSwiftUpdateCheck = 1240;
				LastUpgradeCheck = 1240;
				TargetAttributes = {
					AC9DC9DD260E374E00C5D9E4 = {
						CreatedOnToolsVersion = 12.4;
					};
				};
			};
			buildConfigurationList = AC9DC9D9260E374E00C5D9E4 /* Build configuration list for PBXProject "MyDataHelpsKit-Example" */;
			compatibilityVersion = "Xcode 9.3";
			developmentRegion = en;
			hasScannedForEncodings = 0;
			knownRegions = (
				en,
				Base,
			);
			mainGroup = AC9DC9D5260E374E00C5D9E4;
			packageReferences = (
			);
			productRefGroup = AC9DC9DF260E374E00C5D9E4 /* Products */;
			projectDirPath = "";
			projectRoot = "";
			targets = (
				AC9DC9DD260E374E00C5D9E4 /* MyDataHelpsKit-Example */,
			);
		};
/* End PBXProject section */

/* Begin PBXResourcesBuildPhase section */
		AC9DC9DC260E374E00C5D9E4 /* Resources */ = {
			isa = PBXResourcesBuildPhase;
			buildActionMask = 2147483647;
			files = (
				AC9DC9E9260E374F00C5D9E4 /* Preview Assets.xcassets in Resources */,
				ACEAF44826D595B0002F79AB /* Settings.bundle in Resources */,
				AC9DC9E6260E374F00C5D9E4 /* Assets.xcassets in Resources */,
			);
			runOnlyForDeploymentPostprocessing = 0;
		};
/* End PBXResourcesBuildPhase section */

/* Begin PBXSourcesBuildPhase section */
		AC9DC9DA260E374E00C5D9E4 /* Sources */ = {
			isa = PBXSourcesBuildPhase;
			buildActionMask = 2147483647;
			files = (
				AC139DFB28C7A34E002F456E /* FoundationExtensions.swift in Sources */,
				ACD1687929CCE76C002709EE /* TasksViewModel.swift in Sources */,
				ACCD97F0260E5A8600FF7438 /* PagedViewModel.swift in Sources */,
				ACD1688029D351E1002709EE /* AsyncCardView.swift in Sources */,
				AC9DCA07260E3BAC00C5D9E4 /* ParticipantInfoView.swift in Sources */,
				ACEAF44A26D67C95002F79AB /* ExternalAccountsListView.swift in Sources */,
				ACD1686129BBE83D002709EE /* PresentedSurveyView.swift in Sources */,
				ACCD9801260E6E3000FF7438 /* NotificationHistoryView.swift in Sources */,
				AC3C8BA329D4C76C0014C545 /* ExternalAccountProviderView.swift in Sources */,
				AC0D4E6D28A560C700FE145B /* ProjectInfoView.swift in Sources */,
				ACD1688F29D3BC83002709EE /* SensorDataSectionView.swift in Sources */,
				AC3C8BA529D4C8380014C545 /* ExternalAccountProvidersSource.swift in Sources */,
				ACEAF45726D91B9B002F79AB /* ParticipantSessionType.swift in Sources */,
				ACCD9804260E6F7A00FF7438 /* NotificationHistorySource.swift in Sources */,
				ACD1686629C365FC002709EE /* SwiftUIExtensions.swift in Sources */,
				AC44F561261610A10065075C /* PersistDeviceDataView.swift in Sources */,
				AC9DC9E4260E374E00C5D9E4 /* ContentView.swift in Sources */,
				AC9DC9E2260E374E00C5D9E4 /* MyDataHelpsKit_ExampleApp.swift in Sources */,
				ACEAF45126D81BDD002F79AB /* ProviderConnectionAuthViewRepresentable.swift in Sources */,
				ACD1687E29D34BB6002709EE /* AccountViewModel.swift in Sources */,
				ACD1688329D3685B002709EE /* ActivityView.swift in Sources */,
				ACCD97F6260E5D0100FF7438 /* SurveyTaskSource.swift in Sources */,
				ACCD97E6260E492100FF7438 /* PagedView.swift in Sources */,
				AC9DC9FB260E39AF00C5D9E4 /* SessionModel.swift in Sources */,
				ACD1688B29D3807F002709EE /* DataViewModel.swift in Sources */,
				ACD1687C29D3491A002709EE /* AccountView.swift in Sources */,
				ACD1686929C3B510002709EE /* TasksView.swift in Sources */,
				ACCD97EA260E4DFE00FF7438 /* DeviceDataSource.swift in Sources */,
				ACCD97F9260E5F3000FF7438 /* SurveyAnswerView.swift in Sources */,
				ACD1688929D38070002709EE /* DataView.swift in Sources */,
				AC9DCA14260E3E5700C5D9E4 /* ErrorView.swift in Sources */,
				ACCD97F3260E5AE300FF7438 /* SurveyTaskView.swift in Sources */,
				ACA1A86C26D5454400CBD7EA /* ProvidersListView.swift in Sources */,
				AC9DC9F7260E37C700C5D9E4 /* TokenView.swift in Sources */,
				ACD1689129D3C646002709EE /* DeviceDataChartView.swift in Sources */,
				ACCD97ED260E58AF00FF7438 /* DeviceDataPointView.swift in Sources */,
				ACD1686429BF74D4002709EE /* SurveyLauncherView.swift in Sources */,
				ACCD97FE260E667E00FF7438 /* SurveyAnswersSource.swift in Sources */,
				ACD1688529D36A0D002709EE /* ActivityViewModel.swift in Sources */,
				ACD1688D29D3BB86002709EE /* ProjectDeviceDataSectionView.swift in Sources */,
			);
			runOnlyForDeploymentPostprocessing = 0;
		};
/* End PBXSourcesBuildPhase section */

/* Begin XCBuildConfiguration section */
		AC9DC9EB260E374F00C5D9E4 /* Debug */ = {
			isa = XCBuildConfiguration;
			buildSettings = {
				ALWAYS_SEARCH_USER_PATHS = NO;
				CLANG_ANALYZER_NONNULL = YES;
				CLANG_ANALYZER_NUMBER_OBJECT_CONVERSION = YES_AGGRESSIVE;
				CLANG_CXX_LANGUAGE_STANDARD = "gnu++14";
				CLANG_CXX_LIBRARY = "libc++";
				CLANG_ENABLE_MODULES = YES;
				CLANG_ENABLE_OBJC_ARC = YES;
				CLANG_ENABLE_OBJC_WEAK = YES;
				CLANG_WARN_BLOCK_CAPTURE_AUTORELEASING = YES;
				CLANG_WARN_BOOL_CONVERSION = YES;
				CLANG_WARN_COMMA = YES;
				CLANG_WARN_CONSTANT_CONVERSION = YES;
				CLANG_WARN_DEPRECATED_OBJC_IMPLEMENTATIONS = YES;
				CLANG_WARN_DIRECT_OBJC_ISA_USAGE = YES_ERROR;
				CLANG_WARN_DOCUMENTATION_COMMENTS = YES;
				CLANG_WARN_EMPTY_BODY = YES;
				CLANG_WARN_ENUM_CONVERSION = YES;
				CLANG_WARN_INFINITE_RECURSION = YES;
				CLANG_WARN_INT_CONVERSION = YES;
				CLANG_WARN_NON_LITERAL_NULL_CONVERSION = YES;
				CLANG_WARN_OBJC_IMPLICIT_RETAIN_SELF = YES;
				CLANG_WARN_OBJC_LITERAL_CONVERSION = YES;
				CLANG_WARN_OBJC_ROOT_CLASS = YES_ERROR;
				CLANG_WARN_QUOTED_INCLUDE_IN_FRAMEWORK_HEADER = YES;
				CLANG_WARN_RANGE_LOOP_ANALYSIS = YES;
				CLANG_WARN_STRICT_PROTOTYPES = YES;
				CLANG_WARN_SUSPICIOUS_MOVE = YES;
				CLANG_WARN_UNGUARDED_AVAILABILITY = YES_AGGRESSIVE;
				CLANG_WARN_UNREACHABLE_CODE = YES;
				CLANG_WARN__DUPLICATE_METHOD_MATCH = YES;
				COPY_PHASE_STRIP = NO;
				DEBUG_INFORMATION_FORMAT = dwarf;
				ENABLE_STRICT_OBJC_MSGSEND = YES;
				ENABLE_TESTABILITY = YES;
				GCC_C_LANGUAGE_STANDARD = gnu11;
				GCC_DYNAMIC_NO_PIC = NO;
				GCC_NO_COMMON_BLOCKS = YES;
				GCC_OPTIMIZATION_LEVEL = 0;
				GCC_PREPROCESSOR_DEFINITIONS = (
					"DEBUG=1",
					"$(inherited)",
				);
				GCC_WARN_64_TO_32_BIT_CONVERSION = YES;
				GCC_WARN_ABOUT_RETURN_TYPE = YES_ERROR;
				GCC_WARN_UNDECLARED_SELECTOR = YES;
				GCC_WARN_UNINITIALIZED_AUTOS = YES_AGGRESSIVE;
				GCC_WARN_UNUSED_FUNCTION = YES;
				GCC_WARN_UNUSED_VARIABLE = YES;
				IPHONEOS_DEPLOYMENT_TARGET = 15.0;
				MTL_ENABLE_DEBUG_INFO = INCLUDE_SOURCE;
				MTL_FAST_MATH = YES;
				ONLY_ACTIVE_ARCH = YES;
				SDKROOT = iphoneos;
				SWIFT_ACTIVE_COMPILATION_CONDITIONS = DEBUG;
				SWIFT_OPTIMIZATION_LEVEL = "-Onone";
			};
			name = Debug;
		};
		AC9DC9EC260E374F00C5D9E4 /* Release */ = {
			isa = XCBuildConfiguration;
			buildSettings = {
				ALWAYS_SEARCH_USER_PATHS = NO;
				CLANG_ANALYZER_NONNULL = YES;
				CLANG_ANALYZER_NUMBER_OBJECT_CONVERSION = YES_AGGRESSIVE;
				CLANG_CXX_LANGUAGE_STANDARD = "gnu++14";
				CLANG_CXX_LIBRARY = "libc++";
				CLANG_ENABLE_MODULES = YES;
				CLANG_ENABLE_OBJC_ARC = YES;
				CLANG_ENABLE_OBJC_WEAK = YES;
				CLANG_WARN_BLOCK_CAPTURE_AUTORELEASING = YES;
				CLANG_WARN_BOOL_CONVERSION = YES;
				CLANG_WARN_COMMA = YES;
				CLANG_WARN_CONSTANT_CONVERSION = YES;
				CLANG_WARN_DEPRECATED_OBJC_IMPLEMENTATIONS = YES;
				CLANG_WARN_DIRECT_OBJC_ISA_USAGE = YES_ERROR;
				CLANG_WARN_DOCUMENTATION_COMMENTS = YES;
				CLANG_WARN_EMPTY_BODY = YES;
				CLANG_WARN_ENUM_CONVERSION = YES;
				CLANG_WARN_INFINITE_RECURSION = YES;
				CLANG_WARN_INT_CONVERSION = YES;
				CLANG_WARN_NON_LITERAL_NULL_CONVERSION = YES;
				CLANG_WARN_OBJC_IMPLICIT_RETAIN_SELF = YES;
				CLANG_WARN_OBJC_LITERAL_CONVERSION = YES;
				CLANG_WARN_OBJC_ROOT_CLASS = YES_ERROR;
				CLANG_WARN_QUOTED_INCLUDE_IN_FRAMEWORK_HEADER = YES;
				CLANG_WARN_RANGE_LOOP_ANALYSIS = YES;
				CLANG_WARN_STRICT_PROTOTYPES = YES;
				CLANG_WARN_SUSPICIOUS_MOVE = YES;
				CLANG_WARN_UNGUARDED_AVAILABILITY = YES_AGGRESSIVE;
				CLANG_WARN_UNREACHABLE_CODE = YES;
				CLANG_WARN__DUPLICATE_METHOD_MATCH = YES;
				COPY_PHASE_STRIP = NO;
				DEBUG_INFORMATION_FORMAT = "dwarf-with-dsym";
				ENABLE_NS_ASSERTIONS = NO;
				ENABLE_STRICT_OBJC_MSGSEND = YES;
				GCC_C_LANGUAGE_STANDARD = gnu11;
				GCC_NO_COMMON_BLOCKS = YES;
				GCC_WARN_64_TO_32_BIT_CONVERSION = YES;
				GCC_WARN_ABOUT_RETURN_TYPE = YES_ERROR;
				GCC_WARN_UNDECLARED_SELECTOR = YES;
				GCC_WARN_UNINITIALIZED_AUTOS = YES_AGGRESSIVE;
				GCC_WARN_UNUSED_FUNCTION = YES;
				GCC_WARN_UNUSED_VARIABLE = YES;
				IPHONEOS_DEPLOYMENT_TARGET = 15.0;
				MTL_ENABLE_DEBUG_INFO = NO;
				MTL_FAST_MATH = YES;
				SDKROOT = iphoneos;
				SWIFT_COMPILATION_MODE = wholemodule;
				SWIFT_OPTIMIZATION_LEVEL = "-O";
				VALIDATE_PRODUCT = YES;
			};
			name = Release;
		};
		AC9DC9EE260E374F00C5D9E4 /* Debug */ = {
			isa = XCBuildConfiguration;
			buildSettings = {
				ASSETCATALOG_COMPILER_APPICON_NAME = AppIcon;
				ASSETCATALOG_COMPILER_GLOBAL_ACCENT_COLOR_NAME = AccentColor;
				CODE_SIGN_STYLE = Automatic;
				CURRENT_PROJECT_VERSION = 1;
				DEVELOPMENT_ASSET_PATHS = "\"MyDataHelpsKit-Example/Preview Content\"";
				DEVELOPMENT_TEAM = "";
				ENABLE_PREVIEWS = YES;
				INFOPLIST_FILE = "$(SRCROOT)/MyDataHelpsKit-Example/Info.plist";
				IPHONEOS_DEPLOYMENT_TARGET = 16.0;
				LD_RUNPATH_SEARCH_PATHS = (
					"$(inherited)",
					"@executable_path/Frameworks",
				);
				MARKETING_VERSION = 1.2.0;
				PRODUCT_BUNDLE_IDENTIFIER = "com.example.MyDataHelpsKit-Example";
				PRODUCT_NAME = "$(TARGET_NAME)";
				SWIFT_VERSION = 5.0;
				TARGETED_DEVICE_FAMILY = "1,2";
			};
			name = Debug;
		};
		AC9DC9EF260E374F00C5D9E4 /* Release */ = {
			isa = XCBuildConfiguration;
			buildSettings = {
				ASSETCATALOG_COMPILER_APPICON_NAME = AppIcon;
				ASSETCATALOG_COMPILER_GLOBAL_ACCENT_COLOR_NAME = AccentColor;
				CODE_SIGN_STYLE = Automatic;
				CURRENT_PROJECT_VERSION = 1;
				DEVELOPMENT_ASSET_PATHS = "\"MyDataHelpsKit-Example/Preview Content\"";
				DEVELOPMENT_TEAM = "";
				ENABLE_PREVIEWS = YES;
				INFOPLIST_FILE = "$(SRCROOT)/MyDataHelpsKit-Example/Info.plist";
				IPHONEOS_DEPLOYMENT_TARGET = 16.0;
				LD_RUNPATH_SEARCH_PATHS = (
					"$(inherited)",
					"@executable_path/Frameworks",
				);
				MARKETING_VERSION = 1.2.0;
				PRODUCT_BUNDLE_IDENTIFIER = "com.example.MyDataHelpsKit-Example";
				PRODUCT_NAME = "$(TARGET_NAME)";
				SWIFT_VERSION = 5.0;
				TARGETED_DEVICE_FAMILY = "1,2";
			};
			name = Release;
		};
/* End XCBuildConfiguration section */

/* Begin XCConfigurationList section */
		AC9DC9D9260E374E00C5D9E4 /* Build configuration list for PBXProject "MyDataHelpsKit-Example" */ = {
			isa = XCConfigurationList;
			buildConfigurations = (
				AC9DC9EB260E374F00C5D9E4 /* Debug */,
				AC9DC9EC260E374F00C5D9E4 /* Release */,
			);
			defaultConfigurationIsVisible = 0;
			defaultConfigurationName = Release;
		};
		AC9DC9ED260E374F00C5D9E4 /* Build configuration list for PBXNativeTarget "MyDataHelpsKit-Example" */ = {
			isa = XCConfigurationList;
			buildConfigurations = (
				AC9DC9EE260E374F00C5D9E4 /* Debug */,
				AC9DC9EF260E374F00C5D9E4 /* Release */,
			);
			defaultConfigurationIsVisible = 0;
			defaultConfigurationName = Release;
		};
/* End XCConfigurationList section */
	};
	rootObject = AC9DC9D6260E374E00C5D9E4 /* Project object */;
}
