// !$*UTF8*$!
{
	archiveVersion = 1;
	classes = {
	};
	objectVersion = 50;
	objects = {

/* Begin PBXBuildFile section */
		27AA30DB26D68ECB00AC0D2C /* ExternalAccountsResource.swift in Sources */ = {isa = PBXBuildFile; fileRef = 27AA30DA26D68ECB00AC0D2C /* ExternalAccountsResource.swift */; };
		AC02E68425FA7FCD008A46E4 /* SurveyTasks.swift in Sources */ = {isa = PBXBuildFile; fileRef = AC02E68325FA7FCD008A46E4 /* SurveyTasks.swift */; };
		AC02E68825FA8056008A46E4 /* SurveyTaskQueryResource.swift in Sources */ = {isa = PBXBuildFile; fileRef = AC02E68725FA8056008A46E4 /* SurveyTaskQueryResource.swift */; };
		AC02E69C25FAA979008A46E4 /* Diagnostics.swift in Sources */ = {isa = PBXBuildFile; fileRef = AC02E69B25FAA979008A46E4 /* Diagnostics.swift */; };
		AC0D4E6B28A55E4300FE145B /* Project.swift in Sources */ = {isa = PBXBuildFile; fileRef = AC0D4E6A28A55E4300FE145B /* Project.swift */; };
		AC2DAB0628A566040023035E /* ProjectResource.swift in Sources */ = {isa = PBXBuildFile; fileRef = AC2DAB0528A566040023035E /* ProjectResource.swift */; };
		AC2DAB0E28A57BF70023035E /* ProjectModelTests.swift in Sources */ = {isa = PBXBuildFile; fileRef = AC2DAB0D28A57BF70023035E /* ProjectModelTests.swift */; };
		AC77B4BE25E8495C00427294 /* MyDataHelpsKit.h in Headers */ = {isa = PBXBuildFile; fileRef = AC77B4BC25E8495C00427294 /* MyDataHelpsKit.h */; settings = {ATTRIBUTES = (Public, ); }; };
		AC77B50125E8502000427294 /* MyDataHelpsClient.swift in Sources */ = {isa = PBXBuildFile; fileRef = AC77B50025E8502000427294 /* MyDataHelpsClient.swift */; };
		AC77B50425E8523500427294 /* ParticipantSession.swift in Sources */ = {isa = PBXBuildFile; fileRef = AC77B50325E8523500427294 /* ParticipantSession.swift */; };
		AC77B50925E8535B00427294 /* ParticipantAccessToken.swift in Sources */ = {isa = PBXBuildFile; fileRef = AC77B50825E8535B00427294 /* ParticipantAccessToken.swift */; };
		AC77B50D25E854E600427294 /* ParticipantInfo.swift in Sources */ = {isa = PBXBuildFile; fileRef = AC77B50C25E854E600427294 /* ParticipantInfo.swift */; };
		AC77B51025E856D000427294 /* MyDataHelpsError.swift in Sources */ = {isa = PBXBuildFile; fileRef = AC77B50F25E856D000427294 /* MyDataHelpsError.swift */; };
		AC77B51525E8576A00427294 /* ParticipantResource.swift in Sources */ = {isa = PBXBuildFile; fileRef = AC77B51425E8576A00427294 /* ParticipantResource.swift */; };
		AC77B51A25E857A900427294 /* URLRequests.swift in Sources */ = {isa = PBXBuildFile; fileRef = AC77B51925E857A900427294 /* URLRequests.swift */; };
		AC83ABB125E85BB900A668E4 /* GetParticipantInfoResource.swift in Sources */ = {isa = PBXBuildFile; fileRef = AC83ABB025E85BB900A668E4 /* GetParticipantInfoResource.swift */; };
		AC83ABB625E864DC00A668E4 /* DeviceData.swift in Sources */ = {isa = PBXBuildFile; fileRef = AC83ABB525E864DC00A668E4 /* DeviceData.swift */; };
		AC83ABB925E867E100A668E4 /* DeviceDataQueryResource.swift in Sources */ = {isa = PBXBuildFile; fileRef = AC83ABB825E867E100A668E4 /* DeviceDataQueryResource.swift */; };
		AC83ABBD25E885D700A668E4 /* PersistDeviceDataResource.swift in Sources */ = {isa = PBXBuildFile; fileRef = AC83ABBC25E885D700A668E4 /* PersistDeviceDataResource.swift */; };
		AC83ABCD25E991E300A668E4 /* PagedQuery.swift in Sources */ = {isa = PBXBuildFile; fileRef = AC83ABCC25E991E300A668E4 /* PagedQuery.swift */; };
		AC83ABDC25F131DA00A668E4 /* URLRequestsTests.swift in Sources */ = {isa = PBXBuildFile; fileRef = AC83ABDB25F131DA00A668E4 /* URLRequestsTests.swift */; };
		AC83ABDE25F131DA00A668E4 /* MyDataHelpsKit.framework in Frameworks */ = {isa = PBXBuildFile; fileRef = AC77B4B925E8495C00427294 /* MyDataHelpsKit.framework */; };
		AC932351265D9874007AAF69 /* EmbeddableSurveyViewController.swift in Sources */ = {isa = PBXBuildFile; fileRef = AC932350265D9874007AAF69 /* EmbeddableSurveyViewController.swift */; };
		AC9DC9A026052AEA00C5D9E4 /* SurveyAnswers.swift in Sources */ = {isa = PBXBuildFile; fileRef = AC9DC99F26052AEA00C5D9E4 /* SurveyAnswers.swift */; };
		AC9DC9A42605359300C5D9E4 /* SurveyAnswersQueryResource.swift in Sources */ = {isa = PBXBuildFile; fileRef = AC9DC9A32605359300C5D9E4 /* SurveyAnswersQueryResource.swift */; };
		AC9DC9AA2605408600C5D9E4 /* DeleteSurveyResultResource.swift in Sources */ = {isa = PBXBuildFile; fileRef = AC9DC9A92605408600C5D9E4 /* DeleteSurveyResultResource.swift */; };
		AC9DC9B62609064800C5D9E4 /* NotificationHistory.swift in Sources */ = {isa = PBXBuildFile; fileRef = AC9DC9B52609064800C5D9E4 /* NotificationHistory.swift */; };
		AC9DC9BA2609198700C5D9E4 /* NotificationHistoryQueryResource.swift in Sources */ = {isa = PBXBuildFile; fileRef = AC9DC9B92609198700C5D9E4 /* NotificationHistoryQueryResource.swift */; };
		AC9DC9C0260A876F00C5D9E4 /* MyDataHelpsClientTests.swift in Sources */ = {isa = PBXBuildFile; fileRef = AC9DC9BF260A876F00C5D9E4 /* MyDataHelpsClientTests.swift */; };
		ACA1A86726D5413A00CBD7EA /* ExternalAccountProviders.swift in Sources */ = {isa = PBXBuildFile; fileRef = ACA1A86626D5413A00CBD7EA /* ExternalAccountProviders.swift */; };
		ACA1A86926D5442800CBD7EA /* ExternalAccountProvidersQueryResource.swift in Sources */ = {isa = PBXBuildFile; fileRef = ACA1A86826D5442800CBD7EA /* ExternalAccountProvidersQueryResource.swift */; };
		ACBF66C427CFD37200BC6945 /* APIRateLimit.swift in Sources */ = {isa = PBXBuildFile; fileRef = ACBF66C327CFD37200BC6945 /* APIRateLimit.swift */; };
		ACBF66C627CFE18800BC6945 /* APIRateLimitTests.swift in Sources */ = {isa = PBXBuildFile; fileRef = ACBF66C527CFE18800BC6945 /* APIRateLimitTests.swift */; };
		ACC2EB9B261252F50080A3B5 /* SDKVersion.swift in Sources */ = {isa = PBXBuildFile; fileRef = ACC2EB9A261252F50080A3B5 /* SDKVersion.swift */; };
		ACEAF44C26D67CE0002F79AB /* ExternalAccounts.swift in Sources */ = {isa = PBXBuildFile; fileRef = ACEAF44B26D67CE0002F79AB /* ExternalAccounts.swift */; };
		ACEAF44E26D683F7002F79AB /* ExternalAccountsTests.swift in Sources */ = {isa = PBXBuildFile; fileRef = ACEAF44D26D683F7002F79AB /* ExternalAccountsTests.swift */; };
		ACEAF45926DD7E76002F79AB /* ConnectExternalAccountResource.swift in Sources */ = {isa = PBXBuildFile; fileRef = ACEAF45826DD7E76002F79AB /* ConnectExternalAccountResource.swift */; };
/* End PBXBuildFile section */

/* Begin PBXContainerItemProxy section */
		AC83ABDF25F131DA00A668E4 /* PBXContainerItemProxy */ = {
			isa = PBXContainerItemProxy;
			containerPortal = AC77B4B025E8495C00427294 /* Project object */;
			proxyType = 1;
			remoteGlobalIDString = AC77B4B825E8495C00427294;
			remoteInfo = MyDataHelpsKit;
		};
/* End PBXContainerItemProxy section */

/* Begin PBXFileReference section */
		27AA30DA26D68ECB00AC0D2C /* ExternalAccountsResource.swift */ = {isa = PBXFileReference; lastKnownFileType = sourcecode.swift; path = ExternalAccountsResource.swift; sourceTree = "<group>"; };
		AC02E68325FA7FCD008A46E4 /* SurveyTasks.swift */ = {isa = PBXFileReference; fileEncoding = 4; lastKnownFileType = sourcecode.swift; path = SurveyTasks.swift; sourceTree = "<group>"; };
		AC02E68725FA8056008A46E4 /* SurveyTaskQueryResource.swift */ = {isa = PBXFileReference; lastKnownFileType = sourcecode.swift; path = SurveyTaskQueryResource.swift; sourceTree = "<group>"; };
		AC02E69B25FAA979008A46E4 /* Diagnostics.swift */ = {isa = PBXFileReference; lastKnownFileType = sourcecode.swift; path = Diagnostics.swift; sourceTree = "<group>"; };
		AC0D4E6A28A55E4300FE145B /* Project.swift */ = {isa = PBXFileReference; lastKnownFileType = sourcecode.swift; path = Project.swift; sourceTree = "<group>"; };
		AC2DAB0528A566040023035E /* ProjectResource.swift */ = {isa = PBXFileReference; lastKnownFileType = sourcecode.swift; path = ProjectResource.swift; sourceTree = "<group>"; };
		AC2DAB0D28A57BF70023035E /* ProjectModelTests.swift */ = {isa = PBXFileReference; lastKnownFileType = sourcecode.swift; path = ProjectModelTests.swift; sourceTree = "<group>"; };
		AC77B4B925E8495C00427294 /* MyDataHelpsKit.framework */ = {isa = PBXFileReference; explicitFileType = wrapper.framework; includeInIndex = 0; path = MyDataHelpsKit.framework; sourceTree = BUILT_PRODUCTS_DIR; };
		AC77B4BC25E8495C00427294 /* MyDataHelpsKit.h */ = {isa = PBXFileReference; lastKnownFileType = sourcecode.c.h; path = MyDataHelpsKit.h; sourceTree = "<group>"; };
		AC77B4BD25E8495C00427294 /* Info.plist */ = {isa = PBXFileReference; lastKnownFileType = text.plist.xml; path = Info.plist; sourceTree = "<group>"; };
		AC77B50025E8502000427294 /* MyDataHelpsClient.swift */ = {isa = PBXFileReference; lastKnownFileType = sourcecode.swift; path = MyDataHelpsClient.swift; sourceTree = "<group>"; };
		AC77B50325E8523500427294 /* ParticipantSession.swift */ = {isa = PBXFileReference; lastKnownFileType = sourcecode.swift; path = ParticipantSession.swift; sourceTree = "<group>"; };
		AC77B50825E8535B00427294 /* ParticipantAccessToken.swift */ = {isa = PBXFileReference; lastKnownFileType = sourcecode.swift; path = ParticipantAccessToken.swift; sourceTree = "<group>"; };
		AC77B50C25E854E600427294 /* ParticipantInfo.swift */ = {isa = PBXFileReference; lastKnownFileType = sourcecode.swift; path = ParticipantInfo.swift; sourceTree = "<group>"; };
		AC77B50F25E856D000427294 /* MyDataHelpsError.swift */ = {isa = PBXFileReference; lastKnownFileType = sourcecode.swift; path = MyDataHelpsError.swift; sourceTree = "<group>"; };
		AC77B51425E8576A00427294 /* ParticipantResource.swift */ = {isa = PBXFileReference; lastKnownFileType = sourcecode.swift; path = ParticipantResource.swift; sourceTree = "<group>"; };
		AC77B51925E857A900427294 /* URLRequests.swift */ = {isa = PBXFileReference; lastKnownFileType = sourcecode.swift; path = URLRequests.swift; sourceTree = "<group>"; };
		AC83ABB025E85BB900A668E4 /* GetParticipantInfoResource.swift */ = {isa = PBXFileReference; lastKnownFileType = sourcecode.swift; path = GetParticipantInfoResource.swift; sourceTree = "<group>"; };
		AC83ABB525E864DC00A668E4 /* DeviceData.swift */ = {isa = PBXFileReference; lastKnownFileType = sourcecode.swift; path = DeviceData.swift; sourceTree = "<group>"; };
		AC83ABB825E867E100A668E4 /* DeviceDataQueryResource.swift */ = {isa = PBXFileReference; lastKnownFileType = sourcecode.swift; path = DeviceDataQueryResource.swift; sourceTree = "<group>"; };
		AC83ABBC25E885D700A668E4 /* PersistDeviceDataResource.swift */ = {isa = PBXFileReference; lastKnownFileType = sourcecode.swift; path = PersistDeviceDataResource.swift; sourceTree = "<group>"; };
		AC83ABC025E89D5C00A668E4 /* README.md */ = {isa = PBXFileReference; lastKnownFileType = net.daringfireball.markdown; path = README.md; sourceTree = "<group>"; };
		AC83ABCC25E991E300A668E4 /* PagedQuery.swift */ = {isa = PBXFileReference; lastKnownFileType = sourcecode.swift; path = PagedQuery.swift; sourceTree = "<group>"; };
		AC83ABD925F131DA00A668E4 /* MyDataHelpsKitTests.xctest */ = {isa = PBXFileReference; explicitFileType = wrapper.cfbundle; includeInIndex = 0; path = MyDataHelpsKitTests.xctest; sourceTree = BUILT_PRODUCTS_DIR; };
		AC83ABDB25F131DA00A668E4 /* URLRequestsTests.swift */ = {isa = PBXFileReference; lastKnownFileType = sourcecode.swift; path = URLRequestsTests.swift; sourceTree = "<group>"; };
		AC83ABDD25F131DA00A668E4 /* Info.plist */ = {isa = PBXFileReference; lastKnownFileType = text.plist.xml; path = Info.plist; sourceTree = "<group>"; };
		AC932350265D9874007AAF69 /* EmbeddableSurveyViewController.swift */ = {isa = PBXFileReference; lastKnownFileType = sourcecode.swift; path = EmbeddableSurveyViewController.swift; sourceTree = "<group>"; };
		AC9DC9782604EFF700C5D9E4 /* Package.swift */ = {isa = PBXFileReference; lastKnownFileType = sourcecode.swift; path = Package.swift; sourceTree = "<group>"; };
		AC9DC99F26052AEA00C5D9E4 /* SurveyAnswers.swift */ = {isa = PBXFileReference; lastKnownFileType = sourcecode.swift; path = SurveyAnswers.swift; sourceTree = "<group>"; };
		AC9DC9A32605359300C5D9E4 /* SurveyAnswersQueryResource.swift */ = {isa = PBXFileReference; lastKnownFileType = sourcecode.swift; path = SurveyAnswersQueryResource.swift; sourceTree = "<group>"; };
		AC9DC9A92605408600C5D9E4 /* DeleteSurveyResultResource.swift */ = {isa = PBXFileReference; lastKnownFileType = sourcecode.swift; path = DeleteSurveyResultResource.swift; sourceTree = "<group>"; };
		AC9DC9B52609064800C5D9E4 /* NotificationHistory.swift */ = {isa = PBXFileReference; lastKnownFileType = sourcecode.swift; path = NotificationHistory.swift; sourceTree = "<group>"; };
		AC9DC9B92609198700C5D9E4 /* NotificationHistoryQueryResource.swift */ = {isa = PBXFileReference; lastKnownFileType = sourcecode.swift; path = NotificationHistoryQueryResource.swift; sourceTree = "<group>"; };
		AC9DC9BF260A876F00C5D9E4 /* MyDataHelpsClientTests.swift */ = {isa = PBXFileReference; lastKnownFileType = sourcecode.swift; path = MyDataHelpsClientTests.swift; sourceTree = "<group>"; };
		ACA1A86626D5413A00CBD7EA /* ExternalAccountProviders.swift */ = {isa = PBXFileReference; lastKnownFileType = sourcecode.swift; path = ExternalAccountProviders.swift; sourceTree = "<group>"; };
		ACA1A86826D5442800CBD7EA /* ExternalAccountProvidersQueryResource.swift */ = {isa = PBXFileReference; lastKnownFileType = sourcecode.swift; path = ExternalAccountProvidersQueryResource.swift; sourceTree = "<group>"; };
		ACBF66C327CFD37200BC6945 /* APIRateLimit.swift */ = {isa = PBXFileReference; lastKnownFileType = sourcecode.swift; path = APIRateLimit.swift; sourceTree = "<group>"; };
		ACBF66C527CFE18800BC6945 /* APIRateLimitTests.swift */ = {isa = PBXFileReference; lastKnownFileType = sourcecode.swift; path = APIRateLimitTests.swift; sourceTree = "<group>"; };
		ACC2EB9A261252F50080A3B5 /* SDKVersion.swift */ = {isa = PBXFileReference; lastKnownFileType = sourcecode.swift; path = SDKVersion.swift; sourceTree = "<group>"; };
		ACEAF44B26D67CE0002F79AB /* ExternalAccounts.swift */ = {isa = PBXFileReference; lastKnownFileType = sourcecode.swift; path = ExternalAccounts.swift; sourceTree = "<group>"; };
		ACEAF44D26D683F7002F79AB /* ExternalAccountsTests.swift */ = {isa = PBXFileReference; lastKnownFileType = sourcecode.swift; path = ExternalAccountsTests.swift; sourceTree = "<group>"; };
		ACEAF45826DD7E76002F79AB /* ConnectExternalAccountResource.swift */ = {isa = PBXFileReference; lastKnownFileType = sourcecode.swift; path = ConnectExternalAccountResource.swift; sourceTree = "<group>"; };
/* End PBXFileReference section */

/* Begin PBXFrameworksBuildPhase section */
		AC77B4B625E8495C00427294 /* Frameworks */ = {
			isa = PBXFrameworksBuildPhase;
			buildActionMask = 2147483647;
			files = (
			);
			runOnlyForDeploymentPostprocessing = 0;
		};
		AC83ABD625F131DA00A668E4 /* Frameworks */ = {
			isa = PBXFrameworksBuildPhase;
			buildActionMask = 2147483647;
			files = (
				AC83ABDE25F131DA00A668E4 /* MyDataHelpsKit.framework in Frameworks */,
			);
			runOnlyForDeploymentPostprocessing = 0;
		};
/* End PBXFrameworksBuildPhase section */

/* Begin PBXGroup section */
		AC77B4AF25E8495C00427294 = {
			isa = PBXGroup;
			children = (
				AC77B4BB25E8495C00427294 /* MyDataHelpsKit */,
				AC83ABDA25F131DA00A668E4 /* MyDataHelpsKitTests */,
				AC9DC9782604EFF700C5D9E4 /* Package.swift */,
				AC77B4BA25E8495C00427294 /* Products */,
				AC83ABC025E89D5C00A668E4 /* README.md */,
			);
			sourceTree = "<group>";
		};
		AC77B4BA25E8495C00427294 /* Products */ = {
			isa = PBXGroup;
			children = (
				AC77B4B925E8495C00427294 /* MyDataHelpsKit.framework */,
				AC83ABD925F131DA00A668E4 /* MyDataHelpsKitTests.xctest */,
			);
			name = Products;
			sourceTree = "<group>";
		};
		AC77B4BB25E8495C00427294 /* MyDataHelpsKit */ = {
			isa = PBXGroup;
			children = (
				AC77B51325E8575A00427294 /* API */,
				AC02E69B25FAA979008A46E4 /* Diagnostics.swift */,
				AC93234F265D4005007AAF69 /* Embeddables */,
				AC77B4BD25E8495C00427294 /* Info.plist */,
				AC77B50625E852EE00427294 /* Model */,
				AC77B50025E8502000427294 /* MyDataHelpsClient.swift */,
				AC77B4BC25E8495C00427294 /* MyDataHelpsKit.h */,
				ACA1A86526D540BA00CBD7EA /* ProviderConnections */,
				ACC2EB9A261252F50080A3B5 /* SDKVersion.swift */,
				AC77B50725E852F700427294 /* Session */,
			);
			path = MyDataHelpsKit;
			sourceTree = "<group>";
		};
		AC77B50625E852EE00427294 /* Model */ = {
			isa = PBXGroup;
			children = (
				ACBF66C327CFD37200BC6945 /* APIRateLimit.swift */,
				AC83ABB525E864DC00A668E4 /* DeviceData.swift */,
				AC77B50F25E856D000427294 /* MyDataHelpsError.swift */,
				AC9DC9B52609064800C5D9E4 /* NotificationHistory.swift */,
				AC83ABCC25E991E300A668E4 /* PagedQuery.swift */,
				AC77B50C25E854E600427294 /* ParticipantInfo.swift */,
				AC0D4E6A28A55E4300FE145B /* Project.swift */,
				AC9DC99F26052AEA00C5D9E4 /* SurveyAnswers.swift */,
				AC02E68325FA7FCD008A46E4 /* SurveyTasks.swift */,
			);
			path = Model;
			sourceTree = "<group>";
		};
		AC77B50725E852F700427294 /* Session */ = {
			isa = PBXGroup;
			children = (
				AC77B50825E8535B00427294 /* ParticipantAccessToken.swift */,
				AC77B50325E8523500427294 /* ParticipantSession.swift */,
			);
			path = Session;
			sourceTree = "<group>";
		};
		AC77B51325E8575A00427294 /* API */ = {
			isa = PBXGroup;
			children = (
				ACEAF45826DD7E76002F79AB /* ConnectExternalAccountResource.swift */,
				AC9DC9A92605408600C5D9E4 /* DeleteSurveyResultResource.swift */,
				AC83ABB825E867E100A668E4 /* DeviceDataQueryResource.swift */,
				ACA1A86826D5442800CBD7EA /* ExternalAccountProvidersQueryResource.swift */,
				27AA30DA26D68ECB00AC0D2C /* ExternalAccountsResource.swift */,
				AC83ABB025E85BB900A668E4 /* GetParticipantInfoResource.swift */,
				AC9DC9B92609198700C5D9E4 /* NotificationHistoryQueryResource.swift */,
				AC77B51425E8576A00427294 /* ParticipantResource.swift */,
				AC83ABBC25E885D700A668E4 /* PersistDeviceDataResource.swift */,
				AC2DAB0528A566040023035E /* ProjectResource.swift */,
				AC9DC9A32605359300C5D9E4 /* SurveyAnswersQueryResource.swift */,
				AC02E68725FA8056008A46E4 /* SurveyTaskQueryResource.swift */,
				AC77B51925E857A900427294 /* URLRequests.swift */,
			);
			path = API;
			sourceTree = "<group>";
		};
		AC83ABDA25F131DA00A668E4 /* MyDataHelpsKitTests */ = {
			isa = PBXGroup;
			children = (
				ACBF66C527CFE18800BC6945 /* APIRateLimitTests.swift */,
				ACEAF44D26D683F7002F79AB /* ExternalAccountsTests.swift */,
				AC83ABDD25F131DA00A668E4 /* Info.plist */,
				AC9DC9BF260A876F00C5D9E4 /* MyDataHelpsClientTests.swift */,
				AC83ABDB25F131DA00A668E4 /* URLRequestsTests.swift */,
				AC2DAB0D28A57BF70023035E /* ProjectModelTests.swift */,
			);
			path = MyDataHelpsKitTests;
			sourceTree = "<group>";
		};
		AC93234F265D4005007AAF69 /* Embeddables */ = {
			isa = PBXGroup;
			children = (
				AC932350265D9874007AAF69 /* EmbeddableSurveyViewController.swift */,
			);
			path = Embeddables;
			sourceTree = "<group>";
		};
		ACA1A86526D540BA00CBD7EA /* ProviderConnections */ = {
			isa = PBXGroup;
			children = (
				ACA1A86626D5413A00CBD7EA /* ExternalAccountProviders.swift */,
				ACEAF44B26D67CE0002F79AB /* ExternalAccounts.swift */,
			);
			path = ProviderConnections;
			sourceTree = "<group>";
		};
/* End PBXGroup section */

/* Begin PBXHeadersBuildPhase section */
		AC77B4B425E8495C00427294 /* Headers */ = {
			isa = PBXHeadersBuildPhase;
			buildActionMask = 2147483647;
			files = (
				AC77B4BE25E8495C00427294 /* MyDataHelpsKit.h in Headers */,
			);
			runOnlyForDeploymentPostprocessing = 0;
		};
/* End PBXHeadersBuildPhase section */

/* Begin PBXNativeTarget section */
		AC77B4B825E8495C00427294 /* MyDataHelpsKit */ = {
			isa = PBXNativeTarget;
			buildConfigurationList = AC77B4C125E8495C00427294 /* Build configuration list for PBXNativeTarget "MyDataHelpsKit" */;
			buildPhases = (
				ACC2EB9326124D3F0080A3B5 /* Update SDKVersion and podspec */,
				AC77B4B425E8495C00427294 /* Headers */,
				AC77B4B525E8495C00427294 /* Sources */,
				AC77B4B625E8495C00427294 /* Frameworks */,
				AC77B4B725E8495C00427294 /* Resources */,
			);
			buildRules = (
			);
			dependencies = (
			);
			name = MyDataHelpsKit;
			productName = MyDataHelpsKit;
			productReference = AC77B4B925E8495C00427294 /* MyDataHelpsKit.framework */;
			productType = "com.apple.product-type.framework";
		};
		AC83ABD825F131DA00A668E4 /* MyDataHelpsKitTests */ = {
			isa = PBXNativeTarget;
			buildConfigurationList = AC83ABE125F131DA00A668E4 /* Build configuration list for PBXNativeTarget "MyDataHelpsKitTests" */;
			buildPhases = (
				AC83ABD525F131DA00A668E4 /* Sources */,
				AC83ABD625F131DA00A668E4 /* Frameworks */,
				AC83ABD725F131DA00A668E4 /* Resources */,
			);
			buildRules = (
			);
			dependencies = (
				AC83ABE025F131DA00A668E4 /* PBXTargetDependency */,
			);
			name = MyDataHelpsKitTests;
			productName = MyDataHelpsKitTests;
			productReference = AC83ABD925F131DA00A668E4 /* MyDataHelpsKitTests.xctest */;
			productType = "com.apple.product-type.bundle.unit-test";
		};
/* End PBXNativeTarget section */

/* Begin PBXProject section */
		AC77B4B025E8495C00427294 /* Project object */ = {
			isa = PBXProject;
			attributes = {
				LastSwiftUpdateCheck = 1240;
				LastUpgradeCheck = 1340;
				TargetAttributes = {
					AC77B4B825E8495C00427294 = {
						CreatedOnToolsVersion = 12.4;
						LastSwiftMigration = 1240;
					};
					AC83ABD825F131DA00A668E4 = {
						CreatedOnToolsVersion = 12.4;
					};
				};
			};
			buildConfigurationList = AC77B4B325E8495C00427294 /* Build configuration list for PBXProject "MyDataHelpsKit" */;
			compatibilityVersion = "Xcode 9.3";
			developmentRegion = en;
			hasScannedForEncodings = 0;
			knownRegions = (
				en,
				Base,
			);
			mainGroup = AC77B4AF25E8495C00427294;
			productRefGroup = AC77B4BA25E8495C00427294 /* Products */;
			projectDirPath = "";
			projectRoot = "";
			targets = (
				AC77B4B825E8495C00427294 /* MyDataHelpsKit */,
				AC83ABD825F131DA00A668E4 /* MyDataHelpsKitTests */,
			);
		};
/* End PBXProject section */

/* Begin PBXResourcesBuildPhase section */
		AC77B4B725E8495C00427294 /* Resources */ = {
			isa = PBXResourcesBuildPhase;
			buildActionMask = 2147483647;
			files = (
			);
			runOnlyForDeploymentPostprocessing = 0;
		};
		AC83ABD725F131DA00A668E4 /* Resources */ = {
			isa = PBXResourcesBuildPhase;
			buildActionMask = 2147483647;
			files = (
			);
			runOnlyForDeploymentPostprocessing = 0;
		};
/* End PBXResourcesBuildPhase section */

/* Begin PBXShellScriptBuildPhase section */
		ACC2EB9326124D3F0080A3B5 /* Update SDKVersion and podspec */ = {
			isa = PBXShellScriptBuildPhase;
			buildActionMask = 2147483647;
			files = (
			);
			inputFileListPaths = (
			);
			inputPaths = (
			);
			name = "Update SDKVersion and podspec";
			outputFileListPaths = (
			);
			outputPaths = (
			);
			runOnlyForDeploymentPostprocessing = 0;
			shellPath = /bin/sh;
			shellScript = "# Update SDKVersion.swift constant\n\necho \"// Automatically generated\\nlet MyDataHelpsKitVersion = \\\"${MARKETING_VERSION}\\\"\" > \"${PROJECT_DIR}/MyDataHelpsKit/SDKVersion.swift\"\n\n# Update podspec file\n\npattern='^ *spec.version = .*$'\nsed -I '' -e \"s/${pattern}/  spec.version = '${MARKETING_VERSION}' #auto-generated/g\" MyDataHelpsKit.podspec\n\npattern='^ *spec.swift_version = .*$'\nsed -I '' -e \"s/${pattern}/  spec.swift_version = '${SWIFT_VERSION}' #auto-generated/g\" MyDataHelpsKit.podspec\n\npattern='^ *spec.ios.deployment_target = .*$'\nsed -I '' -e \"s/${pattern}/  spec.ios.deployment_target = '${IPHONEOS_DEPLOYMENT_TARGET}' #auto-generated/g\" MyDataHelpsKit.podspec\n";
		};
/* End PBXShellScriptBuildPhase section */

/* Begin PBXSourcesBuildPhase section */
		AC77B4B525E8495C00427294 /* Sources */ = {
			isa = PBXSourcesBuildPhase;
			buildActionMask = 2147483647;
			files = (
				ACA1A86726D5413A00CBD7EA /* ExternalAccountProviders.swift in Sources */,
				AC9DC9B62609064800C5D9E4 /* NotificationHistory.swift in Sources */,
				ACA1A86926D5442800CBD7EA /* ExternalAccountProvidersQueryResource.swift in Sources */,
				AC9DC9AA2605408600C5D9E4 /* DeleteSurveyResultResource.swift in Sources */,
				AC77B50425E8523500427294 /* ParticipantSession.swift in Sources */,
				AC2DAB0628A566040023035E /* ProjectResource.swift in Sources */,
				AC83ABCD25E991E300A668E4 /* PagedQuery.swift in Sources */,
				AC77B51025E856D000427294 /* MyDataHelpsError.swift in Sources */,
				AC77B51A25E857A900427294 /* URLRequests.swift in Sources */,
				AC02E68425FA7FCD008A46E4 /* SurveyTasks.swift in Sources */,
				AC02E68825FA8056008A46E4 /* SurveyTaskQueryResource.swift in Sources */,
				AC9DC9BA2609198700C5D9E4 /* NotificationHistoryQueryResource.swift in Sources */,
				AC932351265D9874007AAF69 /* EmbeddableSurveyViewController.swift in Sources */,
				AC77B50125E8502000427294 /* MyDataHelpsClient.swift in Sources */,
				ACEAF45926DD7E76002F79AB /* ConnectExternalAccountResource.swift in Sources */,
				AC0D4E6B28A55E4300FE145B /* Project.swift in Sources */,
				AC83ABB925E867E100A668E4 /* DeviceDataQueryResource.swift in Sources */,
				AC83ABB125E85BB900A668E4 /* GetParticipantInfoResource.swift in Sources */,
				AC77B50925E8535B00427294 /* ParticipantAccessToken.swift in Sources */,
				AC83ABBD25E885D700A668E4 /* PersistDeviceDataResource.swift in Sources */,
				ACBF66C427CFD37200BC6945 /* APIRateLimit.swift in Sources */,
				AC77B51525E8576A00427294 /* ParticipantResource.swift in Sources */,
				27AA30DB26D68ECB00AC0D2C /* ExternalAccountsResource.swift in Sources */,
				ACEAF44C26D67CE0002F79AB /* ExternalAccounts.swift in Sources */,
				ACC2EB9B261252F50080A3B5 /* SDKVersion.swift in Sources */,
				AC9DC9A42605359300C5D9E4 /* SurveyAnswersQueryResource.swift in Sources */,
				AC77B50D25E854E600427294 /* ParticipantInfo.swift in Sources */,
				AC02E69C25FAA979008A46E4 /* Diagnostics.swift in Sources */,
				AC83ABB625E864DC00A668E4 /* DeviceData.swift in Sources */,
				AC9DC9A026052AEA00C5D9E4 /* SurveyAnswers.swift in Sources */,
			);
			runOnlyForDeploymentPostprocessing = 0;
		};
		AC83ABD525F131DA00A668E4 /* Sources */ = {
			isa = PBXSourcesBuildPhase;
			buildActionMask = 2147483647;
			files = (
				AC83ABDC25F131DA00A668E4 /* URLRequestsTests.swift in Sources */,
				AC9DC9C0260A876F00C5D9E4 /* MyDataHelpsClientTests.swift in Sources */,
				ACBF66C627CFE18800BC6945 /* APIRateLimitTests.swift in Sources */,
				ACEAF44E26D683F7002F79AB /* ExternalAccountsTests.swift in Sources */,
				AC2DAB0E28A57BF70023035E /* ProjectModelTests.swift in Sources */,
			);
			runOnlyForDeploymentPostprocessing = 0;
		};
/* End PBXSourcesBuildPhase section */

/* Begin PBXTargetDependency section */
		AC83ABE025F131DA00A668E4 /* PBXTargetDependency */ = {
			isa = PBXTargetDependency;
			target = AC77B4B825E8495C00427294 /* MyDataHelpsKit */;
			targetProxy = AC83ABDF25F131DA00A668E4 /* PBXContainerItemProxy */;
		};
/* End PBXTargetDependency section */

/* Begin XCBuildConfiguration section */
		AC77B4BF25E8495C00427294 /* Debug */ = {
			isa = XCBuildConfiguration;
			buildSettings = {
				ALWAYS_SEARCH_USER_PATHS = NO;
				CLANG_ANALYZER_NONNULL = YES;
				CLANG_ANALYZER_NUMBER_OBJECT_CONVERSION = YES_AGGRESSIVE;
				CLANG_CXX_LANGUAGE_STANDARD = "gnu++14";
				CLANG_CXX_LIBRARY = "libc++";
				CLANG_ENABLE_MODULES = YES;
				CLANG_ENABLE_OBJC_ARC = YES;
				CLANG_ENABLE_OBJC_WEAK = YES;
				CLANG_WARN_BLOCK_CAPTURE_AUTORELEASING = YES;
				CLANG_WARN_BOOL_CONVERSION = YES;
				CLANG_WARN_COMMA = YES;
				CLANG_WARN_CONSTANT_CONVERSION = YES;
				CLANG_WARN_DEPRECATED_OBJC_IMPLEMENTATIONS = YES;
				CLANG_WARN_DIRECT_OBJC_ISA_USAGE = YES_ERROR;
				CLANG_WARN_DOCUMENTATION_COMMENTS = YES;
				CLANG_WARN_EMPTY_BODY = YES;
				CLANG_WARN_ENUM_CONVERSION = YES;
				CLANG_WARN_INFINITE_RECURSION = YES;
				CLANG_WARN_INT_CONVERSION = YES;
				CLANG_WARN_NON_LITERAL_NULL_CONVERSION = YES;
				CLANG_WARN_OBJC_IMPLICIT_RETAIN_SELF = YES;
				CLANG_WARN_OBJC_LITERAL_CONVERSION = YES;
				CLANG_WARN_OBJC_ROOT_CLASS = YES_ERROR;
				CLANG_WARN_QUOTED_INCLUDE_IN_FRAMEWORK_HEADER = YES;
				CLANG_WARN_RANGE_LOOP_ANALYSIS = YES;
				CLANG_WARN_STRICT_PROTOTYPES = YES;
				CLANG_WARN_SUSPICIOUS_MOVE = YES;
				CLANG_WARN_UNGUARDED_AVAILABILITY = YES_AGGRESSIVE;
				CLANG_WARN_UNREACHABLE_CODE = YES;
				CLANG_WARN__DUPLICATE_METHOD_MATCH = YES;
				COPY_PHASE_STRIP = NO;
				CURRENT_PROJECT_VERSION = 1;
				DEBUG_INFORMATION_FORMAT = dwarf;
				ENABLE_STRICT_OBJC_MSGSEND = YES;
				ENABLE_TESTABILITY = YES;
				GCC_C_LANGUAGE_STANDARD = gnu11;
				GCC_DYNAMIC_NO_PIC = NO;
				GCC_NO_COMMON_BLOCKS = YES;
				GCC_OPTIMIZATION_LEVEL = 0;
				GCC_PREPROCESSOR_DEFINITIONS = (
					"DEBUG=1",
					"$(inherited)",
				);
				GCC_WARN_64_TO_32_BIT_CONVERSION = YES;
				GCC_WARN_ABOUT_RETURN_TYPE = YES_ERROR;
				GCC_WARN_UNDECLARED_SELECTOR = YES;
				GCC_WARN_UNINITIALIZED_AUTOS = YES_AGGRESSIVE;
				GCC_WARN_UNUSED_FUNCTION = YES;
				GCC_WARN_UNUSED_VARIABLE = YES;
				IPHONEOS_DEPLOYMENT_TARGET = 11.0;
				MTL_ENABLE_DEBUG_INFO = INCLUDE_SOURCE;
				MTL_FAST_MATH = YES;
				ONLY_ACTIVE_ARCH = YES;
				SDKROOT = iphoneos;
				SWIFT_ACTIVE_COMPILATION_CONDITIONS = DEBUG;
				SWIFT_OPTIMIZATION_LEVEL = "-Onone";
				VERSIONING_SYSTEM = "apple-generic";
				VERSION_INFO_PREFIX = "";
			};
			name = Debug;
		};
		AC77B4C025E8495C00427294 /* Release */ = {
			isa = XCBuildConfiguration;
			buildSettings = {
				ALWAYS_SEARCH_USER_PATHS = NO;
				CLANG_ANALYZER_NONNULL = YES;
				CLANG_ANALYZER_NUMBER_OBJECT_CONVERSION = YES_AGGRESSIVE;
				CLANG_CXX_LANGUAGE_STANDARD = "gnu++14";
				CLANG_CXX_LIBRARY = "libc++";
				CLANG_ENABLE_MODULES = YES;
				CLANG_ENABLE_OBJC_ARC = YES;
				CLANG_ENABLE_OBJC_WEAK = YES;
				CLANG_WARN_BLOCK_CAPTURE_AUTORELEASING = YES;
				CLANG_WARN_BOOL_CONVERSION = YES;
				CLANG_WARN_COMMA = YES;
				CLANG_WARN_CONSTANT_CONVERSION = YES;
				CLANG_WARN_DEPRECATED_OBJC_IMPLEMENTATIONS = YES;
				CLANG_WARN_DIRECT_OBJC_ISA_USAGE = YES_ERROR;
				CLANG_WARN_DOCUMENTATION_COMMENTS = YES;
				CLANG_WARN_EMPTY_BODY = YES;
				CLANG_WARN_ENUM_CONVERSION = YES;
				CLANG_WARN_INFINITE_RECURSION = YES;
				CLANG_WARN_INT_CONVERSION = YES;
				CLANG_WARN_NON_LITERAL_NULL_CONVERSION = YES;
				CLANG_WARN_OBJC_IMPLICIT_RETAIN_SELF = YES;
				CLANG_WARN_OBJC_LITERAL_CONVERSION = YES;
				CLANG_WARN_OBJC_ROOT_CLASS = YES_ERROR;
				CLANG_WARN_QUOTED_INCLUDE_IN_FRAMEWORK_HEADER = YES;
				CLANG_WARN_RANGE_LOOP_ANALYSIS = YES;
				CLANG_WARN_STRICT_PROTOTYPES = YES;
				CLANG_WARN_SUSPICIOUS_MOVE = YES;
				CLANG_WARN_UNGUARDED_AVAILABILITY = YES_AGGRESSIVE;
				CLANG_WARN_UNREACHABLE_CODE = YES;
				CLANG_WARN__DUPLICATE_METHOD_MATCH = YES;
				COPY_PHASE_STRIP = NO;
				CURRENT_PROJECT_VERSION = 1;
				DEBUG_INFORMATION_FORMAT = "dwarf-with-dsym";
				ENABLE_NS_ASSERTIONS = NO;
				ENABLE_STRICT_OBJC_MSGSEND = YES;
				GCC_C_LANGUAGE_STANDARD = gnu11;
				GCC_NO_COMMON_BLOCKS = YES;
				GCC_WARN_64_TO_32_BIT_CONVERSION = YES;
				GCC_WARN_ABOUT_RETURN_TYPE = YES_ERROR;
				GCC_WARN_UNDECLARED_SELECTOR = YES;
				GCC_WARN_UNINITIALIZED_AUTOS = YES_AGGRESSIVE;
				GCC_WARN_UNUSED_FUNCTION = YES;
				GCC_WARN_UNUSED_VARIABLE = YES;
				IPHONEOS_DEPLOYMENT_TARGET = 11.0;
				MTL_ENABLE_DEBUG_INFO = NO;
				MTL_FAST_MATH = YES;
				SDKROOT = iphoneos;
				SWIFT_COMPILATION_MODE = wholemodule;
				SWIFT_OPTIMIZATION_LEVEL = "-O";
				VALIDATE_PRODUCT = YES;
				VERSIONING_SYSTEM = "apple-generic";
				VERSION_INFO_PREFIX = "";
			};
			name = Release;
		};
		AC77B4C225E8495C00427294 /* Debug */ = {
			isa = XCBuildConfiguration;
			buildSettings = {
				CLANG_ENABLE_MODULES = YES;
				CODE_SIGN_STYLE = Manual;
				CURRENT_PROJECT_VERSION = 1;
				DEFINES_MODULE = YES;
				DEVELOPMENT_TEAM = "";
				DYLIB_COMPATIBILITY_VERSION = 1;
				DYLIB_CURRENT_VERSION = 1;
				DYLIB_INSTALL_NAME_BASE = "@rpath";
				INFOPLIST_FILE = MyDataHelpsKit/Info.plist;
				INSTALL_PATH = "$(LOCAL_LIBRARY_DIR)/Frameworks";
				IPHONEOS_DEPLOYMENT_TARGET = 11.0;
				LD_RUNPATH_SEARCH_PATHS = (
					"$(inherited)",
					"@executable_path/Frameworks",
					"@loader_path/Frameworks",
				);
				MACH_O_TYPE = staticlib;
				MARKETING_VERSION = 1.2.0;
				PRODUCT_BUNDLE_IDENTIFIER = com.CareEvolution.MyDataHelpsKit;
				PRODUCT_NAME = "$(TARGET_NAME:c99extidentifier)";
				PROVISIONING_PROFILE_SPECIFIER = "";
				"PROVISIONING_PROFILE_SPECIFIER[sdk=macosx*]" = "";
				SKIP_INSTALL = YES;
				SWIFT_OPTIMIZATION_LEVEL = "-Onone";
				SWIFT_VERSION = 5.0;
				TARGETED_DEVICE_FAMILY = "1,2";
			};
			name = Debug;
		};
		AC77B4C325E8495C00427294 /* Release */ = {
			isa = XCBuildConfiguration;
			buildSettings = {
				CLANG_ENABLE_MODULES = YES;
				CODE_SIGN_STYLE = Manual;
				CURRENT_PROJECT_VERSION = 1;
				DEFINES_MODULE = YES;
				DEVELOPMENT_TEAM = "";
				DYLIB_COMPATIBILITY_VERSION = 1;
				DYLIB_CURRENT_VERSION = 1;
				DYLIB_INSTALL_NAME_BASE = "@rpath";
				INFOPLIST_FILE = MyDataHelpsKit/Info.plist;
				INSTALL_PATH = "$(LOCAL_LIBRARY_DIR)/Frameworks";
				IPHONEOS_DEPLOYMENT_TARGET = 11.0;
				LD_RUNPATH_SEARCH_PATHS = (
					"$(inherited)",
					"@executable_path/Frameworks",
					"@loader_path/Frameworks",
				);
				MACH_O_TYPE = staticlib;
				MARKETING_VERSION = 1.2.0;
				PRODUCT_BUNDLE_IDENTIFIER = com.CareEvolution.MyDataHelpsKit;
				PRODUCT_NAME = "$(TARGET_NAME:c99extidentifier)";
				PROVISIONING_PROFILE_SPECIFIER = "";
				"PROVISIONING_PROFILE_SPECIFIER[sdk=macosx*]" = "";
				SKIP_INSTALL = YES;
				SWIFT_VERSION = 5.0;
				TARGETED_DEVICE_FAMILY = "1,2";
			};
			name = Release;
		};
		AC83ABE225F131DA00A668E4 /* Debug */ = {
			isa = XCBuildConfiguration;
			buildSettings = {
				CODE_SIGN_STYLE = Automatic;
				DEVELOPMENT_TEAM = "";
				INFOPLIST_FILE = MyDataHelpsKitTests/Info.plist;
				IPHONEOS_DEPLOYMENT_TARGET = 14.4;
				LD_RUNPATH_SEARCH_PATHS = (
					"$(inherited)",
					"@executable_path/Frameworks",
					"@loader_path/Frameworks",
				);
				PRODUCT_BUNDLE_IDENTIFIER = com.CareEvolution.MyDataHelpsKitTests;
				PRODUCT_NAME = "$(TARGET_NAME)";
				SWIFT_VERSION = 5.0;
				TARGETED_DEVICE_FAMILY = "1,2";
			};
			name = Debug;
		};
		AC83ABE325F131DA00A668E4 /* Release */ = {
			isa = XCBuildConfiguration;
			buildSettings = {
				CODE_SIGN_STYLE = Automatic;
				DEVELOPMENT_TEAM = "";
				INFOPLIST_FILE = MyDataHelpsKitTests/Info.plist;
				IPHONEOS_DEPLOYMENT_TARGET = 14.4;
				LD_RUNPATH_SEARCH_PATHS = (
					"$(inherited)",
					"@executable_path/Frameworks",
					"@loader_path/Frameworks",
				);
				PRODUCT_BUNDLE_IDENTIFIER = com.CareEvolution.MyDataHelpsKitTests;
				PRODUCT_NAME = "$(TARGET_NAME)";
				SWIFT_VERSION = 5.0;
				TARGETED_DEVICE_FAMILY = "1,2";
			};
			name = Release;
		};
/* End XCBuildConfiguration section */

/* Begin XCConfigurationList section */
		AC77B4B325E8495C00427294 /* Build configuration list for PBXProject "MyDataHelpsKit" */ = {
			isa = XCConfigurationList;
			buildConfigurations = (
				AC77B4BF25E8495C00427294 /* Debug */,
				AC77B4C025E8495C00427294 /* Release */,
			);
			defaultConfigurationIsVisible = 0;
			defaultConfigurationName = Release;
		};
		AC77B4C125E8495C00427294 /* Build configuration list for PBXNativeTarget "MyDataHelpsKit" */ = {
			isa = XCConfigurationList;
			buildConfigurations = (
				AC77B4C225E8495C00427294 /* Debug */,
				AC77B4C325E8495C00427294 /* Release */,
			);
			defaultConfigurationIsVisible = 0;
			defaultConfigurationName = Release;
		};
		AC83ABE125F131DA00A668E4 /* Build configuration list for PBXNativeTarget "MyDataHelpsKitTests" */ = {
			isa = XCConfigurationList;
			buildConfigurations = (
				AC83ABE225F131DA00A668E4 /* Debug */,
				AC83ABE325F131DA00A668E4 /* Release */,
			);
			defaultConfigurationIsVisible = 0;
			defaultConfigurationName = Release;
		};
/* End XCConfigurationList section */
	};
	rootObject = AC77B4B025E8495C00427294 /* Project object */;
}
